PODS:
  - SendBirdCombine (1.0.1):
    - SendBirdCombine/Messages (= 1.0.1)
    - SendBirdSDK (~> 3.0.218)
  - SendBirdCombine/Messages (1.0.1):
    - SendBirdSDK (~> 3.0.218)
  - SendBirdSDK (3.0.218)

DEPENDENCIES:
  - SendBirdCombine (from `../`)

SPEC REPOS:
  trunk:
    - SendBirdSDK

EXTERNAL SOURCES:
  SendBirdCombine:
    :path: "../"

SPEC CHECKSUMS:
  SendBirdCombine: 4183906fe2437cb6e1ba8bee73dd709483bf6248
  SendBirdSDK: d53a448ecbc9e6c5f58a3ab0510c4295954a20ee

PODFILE CHECKSUM: f3461897bc2bc9bdc75172f89f983a0efa1a4880

COCOAPODS: 1.10.1
