PODS:
  - SendBirdCalls (1.5.4):
    - SendBirdWebRTC
  - SendBirdCombine/Calls (1.0.1):
    - SendBirdCalls (~> 1.5.4)
    - SendBirdCombine/Messages
    - SendBirdSDK (~> 3.0.218)
  - SendBirdCombine/Messages (1.0.1):
    - SendBirdSDK (~> 3.0.218)
  - SendBirdSDK (3.0.218)
  - SendBirdWebRTC (1.2.0)

DEPENDENCIES:
  - SendBirdCombine/Calls (from `../`)

SPEC REPOS:
  trunk:
    - SendBirdCalls
    - SendBirdSDK
    - SendBirdWebRTC

EXTERNAL SOURCES:
  SendBirdCombine:
    :path: "../"

SPEC CHECKSUMS:
  SendBirdCalls: 854689f5236e62476b55b538a5b86290fa8a6477
  SendBirdCombine: 4183906fe2437cb6e1ba8bee73dd709483bf6248
  SendBirdSDK: d53a448ecbc9e6c5f58a3ab0510c4295954a20ee
  SendBirdWebRTC: 7ba91b10a214ae2f1d99de28b9a70bd68d897511

PODFILE CHECKSUM: 23075793745c499bef31f92843a25a30283e3405

COCOAPODS: 1.10.1
