PODS:
  - Nimble (8.0.7)
  - Quick (2.2.0)
  - SendBirdCombine (1.0.0):
    - SendBirdSDK
  - SendBirdSDK (3.0.179)

DEPENDENCIES:
  - Nimble (~> 8.0)
  - Quick (~> 2.2.0)
  - SendBirdCombine (from `../`)

SPEC REPOS:
  trunk:
    - Nimble
    - Quick
    - SendBirdSDK

EXTERNAL SOURCES:
  SendBirdCombine:
    :path: "../"

SPEC CHECKSUMS:
  Nimble: a73af6ecd4c9106f434f3d55fc54570be3739e0b
  Quick: 7fb19e13be07b5dfb3b90d4f9824c855a11af40e
  SendBirdCombine: 78ff7a3d6e5384cfeaacbf93ad71df39da373179
  SendBirdSDK: c16c053159760122a553e40ffe7c6d7c4cda368b

PODFILE CHECKSUM: 46c8486d723522a89368aef50563e66a58d1e4e9

COCOAPODS: 1.9.1
